{
  "name": "smk-fap-stcb",
  "lockfileVersion": 2,
  "requires": true,
  "packages": {
    "": {
      "dependencies": {
        "smk": "^1.0.2"
      }
    },
    "node_modules/smk": {
      "version": "1.0.2",
      "resolved": "https://registry.npmjs.org/smk/-/smk-1.0.2.tgz",
      "integrity": "sha512-Wq3vk5oZlJqay3osSj8EKQn3NLkKE1jxXgIx7RuCSRj/7NxBDuMSvCKJj5j581nawn8NZQvOkkwQusqeA0mFeA=="
    }
  },
  "dependencies": {
    "smk": {
      "version": "1.0.2",
      "resolved": "https://registry.npmjs.org/smk/-/smk-1.0.2.tgz",
      "integrity": "sha512-Wq3vk5oZlJqay3osSj8EKQn3NLkKE1jxXgIx7RuCSRj/7NxBDuMSvCKJj5j581nawn8NZQvOkkwQusqeA0mFeA=="
    }
  }
}
